
Microsoft Visual Studio Solution File, Format Version 12.00
# Visual Studio Version 16
VisualStudioVersion = 16.0.30523.141
MinimumVisualStudioVersion = 10.0.40219.1
Project("{9A19103F-16F7-4668-BE54-9A1E7A4F7556}") = "Shop.Common", "Shop.Common\Shop.Common.csproj", "{337C2A95-80E0-46C9-B980-DF270250E89C}"
EndProject
Project("{2150E333-8FDC-42A3-9474-1A3956D46DE8}") = "BackEnd", "BackEnd", "{F353897F-0F93-4B55-9DDC-9B23EF988554}"
EndProject
Project("{2150E333-8FDC-42A3-9474-1A3956D46DE8}") = "FrontEnd", "FrontEnd", "{07807821-8203-453D-9A11-1E49309C638C}"
EndProject
Project("{9A19103F-16F7-4668-BE54-9A1E7A4F7556}") = "Shop.Web", "Shop.Web\Shop.Web.csproj", "{78DACDCA-1A95-43F3-9B86-81BC8C881723}"
EndProject
Project("{2150E333-8FDC-42A3-9474-1A3956D46DE8}") = "Forms", "Forms", "{7569EFF5-A187-4FA9-B730-96C36EEDB38C}"
EndProject
Project("{2150E333-8FDC-42A3-9474-1A3956D46DE8}") = "Classic", "Classic", "{605379C6-292E-41AB-9FF6-67DA2EDF2D2F}"
EndProject
Project("{FAE04EC0-301F-11D3-BF4B-00C04F79EFBC}") = "Shop.UIForms.Android", "Shop.UIForms\Shop.UIForms.Android\Shop.UIForms.Android.csproj", "{B1651D0E-278B-4836-BCED-30C85622DD26}"
EndProject
Project("{FAE04EC0-301F-11D3-BF4B-00C04F79EFBC}") = "Shop.UIForms.iOS", "Shop.UIForms\Shop.UIForms.iOS\Shop.UIForms.iOS.csproj", "{BC8BBE8F-E619-4529-8766-18B22C91E742}"
EndProject
Project("{9A19103F-16F7-4668-BE54-9A1E7A4F7556}") = "Shop.UIForms", "Shop.UIForms\Shop.UIForms\Shop.UIForms.csproj", "{9E7D9EE8-42DC-4A2B-B8CC-8BF408E56CF0}"
EndProject
Project("{9A19103F-16F7-4668-BE54-9A1E7A4F7556}") = "Shop.UIClassic", "Shop.UIClassic\Shop.UIClassic.csproj", "{BF2ADDC3-A5BD-4CFA-80C0-CD762467A844}"
EndProject
Project("{FAE04EC0-301F-11D3-BF4B-00C04F79EFBC}") = "Shop.UIClassic.IOS", "Shop.UIClassic.IOS\Shop.UIClassic.IOS.csproj", "{71049143-4CB9-4F18-B45D-D4145502EFBA}"
EndProject
Global
	GlobalSection(SolutionConfigurationPlatforms) = preSolution
		Debug|Any CPU = Debug|Any CPU
		Debug|iPhone = Debug|iPhone
		Debug|iPhoneSimulator = Debug|iPhoneSimulator
		Release|Any CPU = Release|Any CPU
		Release|iPhone = Release|iPhone
		Release|iPhoneSimulator = Release|iPhoneSimulator
	EndGlobalSection
	GlobalSection(ProjectConfigurationPlatforms) = postSolution
		{337C2A95-80E0-46C9-B980-DF270250E89C}.Debug|Any CPU.ActiveCfg = Debug|Any CPU
		{337C2A95-80E0-46C9-B980-DF270250E89C}.Debug|Any CPU.Build.0 = Debug|Any CPU
		{337C2A95-80E0-46C9-B980-DF270250E89C}.Debug|iPhone.ActiveCfg = Debug|Any CPU
		{337C2A95-80E0-46C9-B980-DF270250E89C}.Debug|iPhone.Build.0 = Debug|Any CPU
		{337C2A95-80E0-46C9-B980-DF270250E89C}.Debug|iPhoneSimulator.ActiveCfg = Debug|Any CPU
		{337C2A95-80E0-46C9-B980-DF270250E89C}.Debug|iPhoneSimulator.Build.0 = Debug|Any CPU
		{337C2A95-80E0-46C9-B980-DF270250E89C}.Release|Any CPU.ActiveCfg = Release|Any CPU
		{337C2A95-80E0-46C9-B980-DF270250E89C}.Release|Any CPU.Build.0 = Release|Any CPU
		{337C2A95-80E0-46C9-B980-DF270250E89C}.Release|iPhone.ActiveCfg = Release|Any CPU
		{337C2A95-80E0-46C9-B980-DF270250E89C}.Release|iPhone.Build.0 = Release|Any CPU
		{337C2A95-80E0-46C9-B980-DF270250E89C}.Release|iPhoneSimulator.ActiveCfg = Release|Any CPU
		{337C2A95-80E0-46C9-B980-DF270250E89C}.Release|iPhoneSimulator.Build.0 = Release|Any CPU
		{78DACDCA-1A95-43F3-9B86-81BC8C881723}.Debug|Any CPU.ActiveCfg = Debug|Any CPU
		{78DACDCA-1A95-43F3-9B86-81BC8C881723}.Debug|Any CPU.Build.0 = Debug|Any CPU
		{78DACDCA-1A95-43F3-9B86-81BC8C881723}.Debug|iPhone.ActiveCfg = Debug|Any CPU
		{78DACDCA-1A95-43F3-9B86-81BC8C881723}.Debug|iPhone.Build.0 = Debug|Any CPU
		{78DACDCA-1A95-43F3-9B86-81BC8C881723}.Debug|iPhoneSimulator.ActiveCfg = Debug|Any CPU
		{78DACDCA-1A95-43F3-9B86-81BC8C881723}.Debug|iPhoneSimulator.Build.0 = Debug|Any CPU
		{78DACDCA-1A95-43F3-9B86-81BC8C881723}.Release|Any CPU.ActiveCfg = Release|Any CPU
		{78DACDCA-1A95-43F3-9B86-81BC8C881723}.Release|Any CPU.Build.0 = Release|Any CPU
		{78DACDCA-1A95-43F3-9B86-81BC8C881723}.Release|iPhone.ActiveCfg = Release|Any CPU
		{78DACDCA-1A95-43F3-9B86-81BC8C881723}.Release|iPhone.Build.0 = Release|Any CPU
		{78DACDCA-1A95-43F3-9B86-81BC8C881723}.Release|iPhoneSimulator.ActiveCfg = Release|Any CPU
		{78DACDCA-1A95-43F3-9B86-81BC8C881723}.Release|iPhoneSimulator.Build.0 = Release|Any CPU
		{B1651D0E-278B-4836-BCED-30C85622DD26}.Debug|Any CPU.ActiveCfg = Debug|Any CPU
		{B1651D0E-278B-4836-BCED-30C85622DD26}.Debug|Any CPU.Build.0 = Debug|Any CPU
		{B1651D0E-278B-4836-BCED-30C85622DD26}.Debug|Any CPU.Deploy.0 = Debug|Any CPU
		{B1651D0E-278B-4836-BCED-30C85622DD26}.Debug|iPhone.ActiveCfg = Debug|Any CPU
		{B1651D0E-278B-4836-BCED-30C85622DD26}.Debug|iPhone.Build.0 = Debug|Any CPU
		{B1651D0E-278B-4836-BCED-30C85622DD26}.Debug|iPhone.Deploy.0 = Debug|Any CPU
		{B1651D0E-278B-4836-BCED-30C85622DD26}.Debug|iPhoneSimulator.ActiveCfg = Debug|Any CPU
		{B1651D0E-278B-4836-BCED-30C85622DD26}.Debug|iPhoneSimulator.Build.0 = Debug|Any CPU
		{B1651D0E-278B-4836-BCED-30C85622DD26}.Debug|iPhoneSimulator.Deploy.0 = Debug|Any CPU
		{B1651D0E-278B-4836-BCED-30C85622DD26}.Release|Any CPU.ActiveCfg = Release|Any CPU
		{B1651D0E-278B-4836-BCED-30C85622DD26}.Release|Any CPU.Build.0 = Release|Any CPU
		{B1651D0E-278B-4836-BCED-30C85622DD26}.Release|Any CPU.Deploy.0 = Release|Any CPU
		{B1651D0E-278B-4836-BCED-30C85622DD26}.Release|iPhone.ActiveCfg = Release|Any CPU
		{B1651D0E-278B-4836-BCED-30C85622DD26}.Release|iPhone.Build.0 = Release|Any CPU
		{B1651D0E-278B-4836-BCED-30C85622DD26}.Release|iPhone.Deploy.0 = Release|Any CPU
		{B1651D0E-278B-4836-BCED-30C85622DD26}.Release|iPhoneSimulator.ActiveCfg = Release|Any CPU
		{B1651D0E-278B-4836-BCED-30C85622DD26}.Release|iPhoneSimulator.Build.0 = Release|Any CPU
		{B1651D0E-278B-4836-BCED-30C85622DD26}.Release|iPhoneSimulator.Deploy.0 = Release|Any CPU
		{BC8BBE8F-E619-4529-8766-18B22C91E742}.Debug|Any CPU.ActiveCfg = Debug|iPhoneSimulator
		{BC8BBE8F-E619-4529-8766-18B22C91E742}.Debug|iPhone.ActiveCfg = Debug|iPhone
		{BC8BBE8F-E619-4529-8766-18B22C91E742}.Debug|iPhone.Build.0 = Debug|iPhone
		{BC8BBE8F-E619-4529-8766-18B22C91E742}.Debug|iPhoneSimulator.ActiveCfg = Debug|iPhoneSimulator
		{BC8BBE8F-E619-4529-8766-18B22C91E742}.Debug|iPhoneSimulator.Build.0 = Debug|iPhoneSimulator
		{BC8BBE8F-E619-4529-8766-18B22C91E742}.Release|Any CPU.ActiveCfg = Release|iPhoneSimulator
		{BC8BBE8F-E619-4529-8766-18B22C91E742}.Release|iPhone.ActiveCfg = Release|iPhone
		{BC8BBE8F-E619-4529-8766-18B22C91E742}.Release|iPhone.Build.0 = Release|iPhone
		{BC8BBE8F-E619-4529-8766-18B22C91E742}.Release|iPhoneSimulator.ActiveCfg = Release|iPhoneSimulator
		{BC8BBE8F-E619-4529-8766-18B22C91E742}.Release|iPhoneSimulator.Build.0 = Release|iPhoneSimulator
		{9E7D9EE8-42DC-4A2B-B8CC-8BF408E56CF0}.Debug|Any CPU.ActiveCfg = Debug|Any CPU
		{9E7D9EE8-42DC-4A2B-B8CC-8BF408E56CF0}.Debug|Any CPU.Build.0 = Debug|Any CPU
		{9E7D9EE8-42DC-4A2B-B8CC-8BF408E56CF0}.Debug|iPhone.ActiveCfg = Debug|Any CPU
		{9E7D9EE8-42DC-4A2B-B8CC-8BF408E56CF0}.Debug|iPhone.Build.0 = Debug|Any CPU
		{9E7D9EE8-42DC-4A2B-B8CC-8BF408E56CF0}.Debug|iPhoneSimulator.ActiveCfg = Debug|Any CPU
		{9E7D9EE8-42DC-4A2B-B8CC-8BF408E56CF0}.Debug|iPhoneSimulator.Build.0 = Debug|Any CPU
		{9E7D9EE8-42DC-4A2B-B8CC-8BF408E56CF0}.Release|Any CPU.ActiveCfg = Release|Any CPU
		{9E7D9EE8-42DC-4A2B-B8CC-8BF408E56CF0}.Release|Any CPU.Build.0 = Release|Any CPU
		{9E7D9EE8-42DC-4A2B-B8CC-8BF408E56CF0}.Release|iPhone.ActiveCfg = Release|Any CPU
		{9E7D9EE8-42DC-4A2B-B8CC-8BF408E56CF0}.Release|iPhone.Build.0 = Release|Any CPU
		{9E7D9EE8-42DC-4A2B-B8CC-8BF408E56CF0}.Release|iPhoneSimulator.ActiveCfg = Release|Any CPU
		{9E7D9EE8-42DC-4A2B-B8CC-8BF408E56CF0}.Release|iPhoneSimulator.Build.0 = Release|Any CPU
		{BF2ADDC3-A5BD-4CFA-80C0-CD762467A844}.Debug|Any CPU.ActiveCfg = Debug|Any CPU
		{BF2ADDC3-A5BD-4CFA-80C0-CD762467A844}.Debug|Any CPU.Build.0 = Debug|Any CPU
		{BF2ADDC3-A5BD-4CFA-80C0-CD762467A844}.Debug|iPhone.ActiveCfg = Debug|Any CPU
		{BF2ADDC3-A5BD-4CFA-80C0-CD762467A844}.Debug|iPhone.Build.0 = Debug|Any CPU
		{BF2ADDC3-A5BD-4CFA-80C0-CD762467A844}.Debug|iPhoneSimulator.ActiveCfg = Debug|Any CPU
		{BF2ADDC3-A5BD-4CFA-80C0-CD762467A844}.Debug|iPhoneSimulator.Build.0 = Debug|Any CPU
		{BF2ADDC3-A5BD-4CFA-80C0-CD762467A844}.Release|Any CPU.ActiveCfg = Release|Any CPU
		{BF2ADDC3-A5BD-4CFA-80C0-CD762467A844}.Release|Any CPU.Build.0 = Release|Any CPU
		{BF2ADDC3-A5BD-4CFA-80C0-CD762467A844}.Release|iPhone.ActiveCfg = Release|Any CPU
		{BF2ADDC3-A5BD-4CFA-80C0-CD762467A844}.Release|iPhone.Build.0 = Release|Any CPU
		{BF2ADDC3-A5BD-4CFA-80C0-CD762467A844}.Release|iPhoneSimulator.ActiveCfg = Release|Any CPU
		{BF2ADDC3-A5BD-4CFA-80C0-CD762467A844}.Release|iPhoneSimulator.Build.0 = Release|Any CPU
		{71049143-4CB9-4F18-B45D-D4145502EFBA}.Debug|Any CPU.ActiveCfg = Debug|iPhoneSimulator
		{71049143-4CB9-4F18-B45D-D4145502EFBA}.Debug|iPhone.ActiveCfg = Debug|iPhone
		{71049143-4CB9-4F18-B45D-D4145502EFBA}.Debug|iPhone.Build.0 = Debug|iPhone
		{71049143-4CB9-4F18-B45D-D4145502EFBA}.Debug|iPhoneSimulator.ActiveCfg = Debug|iPhoneSimulator
		{71049143-4CB9-4F18-B45D-D4145502EFBA}.Debug|iPhoneSimulator.Build.0 = Debug|iPhoneSimulator
		{71049143-4CB9-4F18-B45D-D4145502EFBA}.Release|Any CPU.ActiveCfg = Release|iPhoneSimulator
		{71049143-4CB9-4F18-B45D-D4145502EFBA}.Release|iPhone.ActiveCfg = Release|iPhone
		{71049143-4CB9-4F18-B45D-D4145502EFBA}.Release|iPhone.Build.0 = Release|iPhone
		{71049143-4CB9-4F18-B45D-D4145502EFBA}.Release|iPhoneSimulator.ActiveCfg = Release|iPhoneSimulator
		{71049143-4CB9-4F18-B45D-D4145502EFBA}.Release|iPhoneSimulator.Build.0 = Release|iPhoneSimulator
	EndGlobalSection
	GlobalSection(SolutionProperties) = preSolution
		HideSolutionNode = FALSE
	EndGlobalSection
	GlobalSection(NestedProjects) = preSolution
		{78DACDCA-1A95-43F3-9B86-81BC8C881723} = {F353897F-0F93-4B55-9DDC-9B23EF988554}
		{7569EFF5-A187-4FA9-B730-96C36EEDB38C} = {07807821-8203-453D-9A11-1E49309C638C}
		{605379C6-292E-41AB-9FF6-67DA2EDF2D2F} = {07807821-8203-453D-9A11-1E49309C638C}
		{B1651D0E-278B-4836-BCED-30C85622DD26} = {7569EFF5-A187-4FA9-B730-96C36EEDB38C}
		{BC8BBE8F-E619-4529-8766-18B22C91E742} = {7569EFF5-A187-4FA9-B730-96C36EEDB38C}
		{9E7D9EE8-42DC-4A2B-B8CC-8BF408E56CF0} = {7569EFF5-A187-4FA9-B730-96C36EEDB38C}
		{BF2ADDC3-A5BD-4CFA-80C0-CD762467A844} = {605379C6-292E-41AB-9FF6-67DA2EDF2D2F}
		{71049143-4CB9-4F18-B45D-D4145502EFBA} = {605379C6-292E-41AB-9FF6-67DA2EDF2D2F}
	EndGlobalSection
	GlobalSection(ExtensibilityGlobals) = postSolution
		SolutionGuid = {2FFDE19B-AEC3-4A85-A01C-CBBDD7BC09DB}
	EndGlobalSection
EndGlobal
